
Microsoft Visual Studio Solution File, Format Version 12.00
# Visual Studio Version 17
VisualStudioVersion = 17.11.35312.102
MinimumVisualStudioVersion = 10.0.40219.1
Project("{FAE04EC0-301F-11D3-BF4B-00C04F79EFBC}") = "01_MainSubjects", "01_MainSubjects\01_MainSubjects.csproj", "{F4B49BA7-31FB-4255-B9E2-9845E6ED66F8}"
EndProject
Project("{FAE04EC0-301F-11D3-BF4B-00C04F79EFBC}") = "02_Variables", "02_Variables\02_Variables.csproj", "{719B32D8-701B-4466-A0B3-622D959785E1}"
EndProject
Project("{FAE04EC0-301F-11D3-BF4B-00C04F79EFBC}") = "03_MakingDecision", "03_MakingDecision\03_MakingDecision.csproj", "{416FA319-8795-41D0-B516-29D296ED6D09}"
EndProject
Project("{FAE04EC0-301F-11D3-BF4B-00C04F79EFBC}") = "04_Loops", "04_Loops\04_Loops.csproj", "{21A573EE-45BC-46C2-A79C-9D8BFB56D74B}"
EndProject
Project("{FAE04EC0-301F-11D3-BF4B-00C04F79EFBC}") = "05_LoopsWithStars", "05_LoopsWithStars\05_LoopsWithStars.csproj", "{BD1115CC-E82E-4CE9-9774-54FE561CBFBC}"
EndProject
Project("{FAE04EC0-301F-11D3-BF4B-00C04F79EFBC}") = "06_Arrays", "06_Arrays\06_Arrays.csproj", "{265BC182-3DC0-4B85-A307-026E0326F38D}"
EndProject
Global
	GlobalSection(SolutionConfigurationPlatforms) = preSolution
		Debug|Any CPU = Debug|Any CPU
		Release|Any CPU = Release|Any CPU
	EndGlobalSection
	GlobalSection(ProjectConfigurationPlatforms) = postSolution
		{F4B49BA7-31FB-4255-B9E2-9845E6ED66F8}.Debug|Any CPU.ActiveCfg = Debug|Any CPU
		{F4B49BA7-31FB-4255-B9E2-9845E6ED66F8}.Debug|Any CPU.Build.0 = Debug|Any CPU
		{F4B49BA7-31FB-4255-B9E2-9845E6ED66F8}.Release|Any CPU.ActiveCfg = Release|Any CPU
		{F4B49BA7-31FB-4255-B9E2-9845E6ED66F8}.Release|Any CPU.Build.0 = Release|Any CPU
		{719B32D8-701B-4466-A0B3-622D959785E1}.Debug|Any CPU.ActiveCfg = Debug|Any CPU
		{719B32D8-701B-4466-A0B3-622D959785E1}.Debug|Any CPU.Build.0 = Debug|Any CPU
		{719B32D8-701B-4466-A0B3-622D959785E1}.Release|Any CPU.ActiveCfg = Release|Any CPU
		{719B32D8-701B-4466-A0B3-622D959785E1}.Release|Any CPU.Build.0 = Release|Any CPU
		{416FA319-8795-41D0-B516-29D296ED6D09}.Debug|Any CPU.ActiveCfg = Debug|Any CPU
		{416FA319-8795-41D0-B516-29D296ED6D09}.Debug|Any CPU.Build.0 = Debug|Any CPU
		{416FA319-8795-41D0-B516-29D296ED6D09}.Release|Any CPU.ActiveCfg = Release|Any CPU
		{416FA319-8795-41D0-B516-29D296ED6D09}.Release|Any CPU.Build.0 = Release|Any CPU
		{21A573EE-45BC-46C2-A79C-9D8BFB56D74B}.Debug|Any CPU.ActiveCfg = Debug|Any CPU
		{21A573EE-45BC-46C2-A79C-9D8BFB56D74B}.Debug|Any CPU.Build.0 = Debug|Any CPU
		{21A573EE-45BC-46C2-A79C-9D8BFB56D74B}.Release|Any CPU.ActiveCfg = Release|Any CPU
		{21A573EE-45BC-46C2-A79C-9D8BFB56D74B}.Release|Any CPU.Build.0 = Release|Any CPU
		{BD1115CC-E82E-4CE9-9774-54FE561CBFBC}.Debug|Any CPU.ActiveCfg = Debug|Any CPU
		{BD1115CC-E82E-4CE9-9774-54FE561CBFBC}.Debug|Any CPU.Build.0 = Debug|Any CPU
		{BD1115CC-E82E-4CE9-9774-54FE561CBFBC}.Release|Any CPU.ActiveCfg = Release|Any CPU
		{BD1115CC-E82E-4CE9-9774-54FE561CBFBC}.Release|Any CPU.Build.0 = Release|Any CPU
		{265BC182-3DC0-4B85-A307-026E0326F38D}.Debug|Any CPU.ActiveCfg = Debug|Any CPU
		{265BC182-3DC0-4B85-A307-026E0326F38D}.Debug|Any CPU.Build.0 = Debug|Any CPU
		{265BC182-3DC0-4B85-A307-026E0326F38D}.Release|Any CPU.ActiveCfg = Release|Any CPU
		{265BC182-3DC0-4B85-A307-026E0326F38D}.Release|Any CPU.Build.0 = Release|Any CPU
	EndGlobalSection
	GlobalSection(SolutionProperties) = preSolution
		HideSolutionNode = FALSE
	EndGlobalSection
	GlobalSection(ExtensibilityGlobals) = postSolution
		SolutionGuid = {24A46AFD-D495-4BAA-A030-13BC7C6575D9}
	EndGlobalSection
EndGlobal
